# Runtime dependencies locked for container builds (Linux x86_64)
# Generated with pip download + pip hash (2026-03-05)
# Update process:
#   1) bump versions intentionally
#   2) regenerate hashes from wheel artifacts
#   3) keep --require-hashes enabled in Containerfile

cffi==2.0.0 \
    --hash=sha256:3e17ed538242334bf70832644a32a7aae3d83b57567f9fd60a26257e992b79ba
cryptography==46.0.3 \
    --hash=sha256:01ca9ff2885f3acc98c29f1860552e37f6d7c7d013d7334ff2a9de43a449315d
pillow==12.1.1 \
    --hash=sha256:aee2810642b2898bb187ced9b349e95d2a7272930796e022efaf12e99dccd293
pycparser==2.23 \
    --hash=sha256:e5c6e8d3fbad53479cab09ac03729e0a9faf2bee3db8208a550daf5af81a5934
pycryptodomex==3.23.0 \
    --hash=sha256:f489c4765093fb60e2edafdf223397bc716491b2b69fe74367b70d6999257a5c
pyotp==2.9.0 \
    --hash=sha256:81c2e5865b8ac55e825b0358e496e1d9387c811e85bb40e71a3b29b288963612
pyzipper==0.3.6 \
    --hash=sha256:6d097f465bfa47796b1494e12ea65d1478107d38e13bc56f6e58eedc4f6c1a87
qrcode==8.2 \
    --hash=sha256:16e64e0716c14960108e85d853062c9e8bba5ca8252c0b4d0231b9df4060ff4f
validators==0.35.0 \
    --hash=sha256:e8c947097eae7892cb3d26868d637f79f47b4a0554bc6b80065dfe5aac3705dd
